
Microsoft Visual Studio Solution File, Format Version 12.00
# Visual Studio Version 17
VisualStudioVersion = 17.8.34525.116
MinimumVisualStudioVersion = 10.0.40219.1
Project("{FAE04EC0-301F-11D3-BF4B-00C04F79EFBC}") = "SDLab5-6", "SDLab5-6.csproj", "{D8DF731E-F316-4E37-B663-AF9AF2EACDDD}"
EndProject
Global
	GlobalSection(SolutionConfigurationPlatforms) = preSolution
		Debug|Any CPU = Debug|Any CPU
		Release|Any CPU = Release|Any CPU
	EndGlobalSection
	GlobalSection(ProjectConfigurationPlatforms) = postSolution
		{D8DF731E-F316-4E37-B663-AF9AF2EACDDD}.Debug|Any CPU.ActiveCfg = Debug|Any CPU
		{D8DF731E-F316-4E37-B663-AF9AF2EACDDD}.Debug|Any CPU.Build.0 = Debug|Any CPU
		{D8DF731E-F316-4E37-B663-AF9AF2EACDDD}.Release|Any CPU.ActiveCfg = Release|Any CPU
		{D8DF731E-F316-4E37-B663-AF9AF2EACDDD}.Release|Any CPU.Build.0 = Release|Any CPU
	EndGlobalSection
	GlobalSection(SolutionProperties) = preSolution
		HideSolutionNode = FALSE
	EndGlobalSection
	GlobalSection(ExtensibilityGlobals) = postSolution
		SolutionGuid = {1FC5657E-26DD-422B-A738-2E1078F12780}
	EndGlobalSection
EndGlobal
